{
  "requires": true,
  "lockfileVersion": 1,
  "dependencies": {
    "bootstrap": {
      "version": "4.0.0",
      "resolved": "https://registry.npmjs.org/bootstrap/-/bootstrap-4.0.0.tgz",
      "integrity": "sha512-gulJE5dGFo6Q61V/whS6VM4WIyrlydXfCgkE+Gxe5hjrJ8rXLLZlALq7zq2RPhOc45PSwQpJkrTnc2KgD6cvmA=="
    },
    "c3": {
      "version": "0.4.18",
      "resolved": "https://registry.npmjs.org/c3/-/c3-0.4.18.tgz",
      "integrity": "sha512-37TiFeCrbe69gg7SxFpTBOLDwulnk+opKp1AFDi43mONtErpRoUIZfGSimGiSYQmNu6Zh9W2yNOx0066UikqSg==",
      "requires": {
        "d3": "3.5.17"
      }
    },
    "d3": {
      "version": "3.5.17",
      "resolved": "https://registry.npmjs.org/d3/-/d3-3.5.17.tgz",
      "integrity": "sha1-vEZ0gAQ3iyGjYMn8fPUjF5B2L7g="
    },
    "jquery": {
      "version": "3.3.1",
      "resolved": "https://registry.npmjs.org/jquery/-/jquery-3.3.1.tgz",
      "integrity": "sha512-Ubldcmxp5np52/ENotGxlLe6aGMvmF4R8S6tZjsP6Knsaxd/xp3Zrh50cG93lR6nPXyUFwzN3ZSOQI0wRJNdGg=="
    },
    "popper.js": {
      "version": "1.12.9",
      "resolved": "https://registry.npmjs.org/popper.js/-/popper.js-1.12.9.tgz",
      "integrity": "sha1-DfvC3/lsRRuzMu3Pz6r1ZtMx1bM="
    },
    "promise-polyfill": {
      "version": "7.0.0",
      "resolved": "https://registry.npmjs.org/promise-polyfill/-/promise-polyfill-7.0.0.tgz",
      "integrity": "sha1-xmW22h+X4hw/L3qgVDyQIJEnyxU="
    },
    "whatwg-fetch": {
      "version": "2.0.3",
      "resolved": "https://registry.npmjs.org/whatwg-fetch/-/whatwg-fetch-2.0.3.tgz",
      "integrity": "sha1-nITsLc9oGH/wC8ZOEnS0QhduHIQ="
    }
  }
}
